
Microsoft Visual Studio Solution File, Format Version 12.00
# Visual Studio Version 17
VisualStudioVersion = 17.5.002.0
MinimumVisualStudioVersion = 10.0.40219.1
Project("{9A19103F-16F7-4668-BE54-9A1E7A4F7556}") = "JwtBearer", "JwtBearer.csproj", "{7C9D3157-7CB2-4834-80C7-304EBD835280}"
EndProject
Global
	GlobalSection(SolutionConfigurationPlatforms) = preSolution
		Debug|Any CPU = Debug|Any CPU
		Release|Any CPU = Release|Any CPU
	EndGlobalSection
	GlobalSection(ProjectConfigurationPlatforms) = postSolution
		{7C9D3157-7CB2-4834-80C7-304EBD835280}.Debug|Any CPU.ActiveCfg = Debug|Any CPU
		{7C9D3157-7CB2-4834-80C7-304EBD835280}.Debug|Any CPU.Build.0 = Debug|Any CPU
		{7C9D3157-7CB2-4834-80C7-304EBD835280}.Release|Any CPU.ActiveCfg = Release|Any CPU
		{7C9D3157-7CB2-4834-80C7-304EBD835280}.Release|Any CPU.Build.0 = Release|Any CPU
	EndGlobalSection
	GlobalSection(SolutionProperties) = preSolution
		HideSolutionNode = FALSE
	EndGlobalSection
	GlobalSection(ExtensibilityGlobals) = postSolution
		SolutionGuid = {F9EBF71E-B692-4AC9-84CF-2C5B952D1DDE}
	EndGlobalSection
EndGlobal
